
Microsoft Visual Studio Solution File, Format Version 12.00
# Visual Studio Version 17
VisualStudioVersion = 17.4.33122.133
MinimumVisualStudioVersion = 10.0.40219.1
Project("{9A19103F-16F7-4668-BE54-9A1E7A4F7556}") = "PachangApp-API", "PachangApp-API.csproj", "{519E5BE8-EFEB-42A8-AA3A-8492CD20B924}"
EndProject
Project("{FAE04EC0-301F-11D3-BF4B-00C04F79EFBC}") = "PachangApp.Interfaces.Core", "..\PachangApp.Interfaces.Core\PachangApp.Interfaces.Core.csproj", "{2831E37B-2597-4F1D-8F03-43F08E1EF04E}"
EndProject
Project("{FAE04EC0-301F-11D3-BF4B-00C04F79EFBC}") = "PachangApp.Interfaces.Repositorio", "..\PachangApp.Interfaces.Repositorio\PachangApp.Interfaces.Repositorio.csproj", "{F7905214-FCDC-4E1A-A9E2-F020594BF766}"
EndProject
Project("{FAE04EC0-301F-11D3-BF4B-00C04F79EFBC}") = "PachangApp.Repositorio", "..\PachangApp.Repositorio\PachangApp.Repositorio.csproj", "{0127AB1E-A337-4D62-BABC-5EE20224B569}"
EndProject
Project("{FAE04EC0-301F-11D3-BF4B-00C04F79EFBC}") = "PachangApp.Core", "..\PachangApp.Core\PachangApp.Core.csproj", "{AB5ACEC2-C7F4-4612-8DF8-BEA86647CA87}"
EndProject
Global
	GlobalSection(SolutionConfigurationPlatforms) = preSolution
		Debug|Any CPU = Debug|Any CPU
		Release|Any CPU = Release|Any CPU
	EndGlobalSection
	GlobalSection(ProjectConfigurationPlatforms) = postSolution
		{519E5BE8-EFEB-42A8-AA3A-8492CD20B924}.Debug|Any CPU.ActiveCfg = Debug|Any CPU
		{519E5BE8-EFEB-42A8-AA3A-8492CD20B924}.Debug|Any CPU.Build.0 = Debug|Any CPU
		{519E5BE8-EFEB-42A8-AA3A-8492CD20B924}.Release|Any CPU.ActiveCfg = Release|Any CPU
		{519E5BE8-EFEB-42A8-AA3A-8492CD20B924}.Release|Any CPU.Build.0 = Release|Any CPU
		{2831E37B-2597-4F1D-8F03-43F08E1EF04E}.Debug|Any CPU.ActiveCfg = Debug|Any CPU
		{2831E37B-2597-4F1D-8F03-43F08E1EF04E}.Debug|Any CPU.Build.0 = Debug|Any CPU
		{2831E37B-2597-4F1D-8F03-43F08E1EF04E}.Release|Any CPU.ActiveCfg = Release|Any CPU
		{2831E37B-2597-4F1D-8F03-43F08E1EF04E}.Release|Any CPU.Build.0 = Release|Any CPU
		{F7905214-FCDC-4E1A-A9E2-F020594BF766}.Debug|Any CPU.ActiveCfg = Debug|Any CPU
		{F7905214-FCDC-4E1A-A9E2-F020594BF766}.Debug|Any CPU.Build.0 = Debug|Any CPU
		{F7905214-FCDC-4E1A-A9E2-F020594BF766}.Release|Any CPU.ActiveCfg = Release|Any CPU
		{F7905214-FCDC-4E1A-A9E2-F020594BF766}.Release|Any CPU.Build.0 = Release|Any CPU
		{0127AB1E-A337-4D62-BABC-5EE20224B569}.Debug|Any CPU.ActiveCfg = Debug|Any CPU
		{0127AB1E-A337-4D62-BABC-5EE20224B569}.Debug|Any CPU.Build.0 = Debug|Any CPU
		{0127AB1E-A337-4D62-BABC-5EE20224B569}.Release|Any CPU.ActiveCfg = Release|Any CPU
		{0127AB1E-A337-4D62-BABC-5EE20224B569}.Release|Any CPU.Build.0 = Release|Any CPU
		{AB5ACEC2-C7F4-4612-8DF8-BEA86647CA87}.Debug|Any CPU.ActiveCfg = Debug|Any CPU
		{AB5ACEC2-C7F4-4612-8DF8-BEA86647CA87}.Debug|Any CPU.Build.0 = Debug|Any CPU
		{AB5ACEC2-C7F4-4612-8DF8-BEA86647CA87}.Release|Any CPU.ActiveCfg = Release|Any CPU
		{AB5ACEC2-C7F4-4612-8DF8-BEA86647CA87}.Release|Any CPU.Build.0 = Release|Any CPU
	EndGlobalSection
	GlobalSection(SolutionProperties) = preSolution
		HideSolutionNode = FALSE
	EndGlobalSection
	GlobalSection(ExtensibilityGlobals) = postSolution
		SolutionGuid = {5EE782CD-1FA5-47B8-AE45-5707DC445817}
	EndGlobalSection
EndGlobal
